
Microsoft Visual Studio Solution File, Format Version 12.00
# Visual Studio 15
VisualStudioVersion = 15.0.28307.421
MinimumVisualStudioVersion = 10.0.40219.1
Project("{FAE04EC0-301F-11D3-BF4B-00C04F79EFBC}") = "GhostSharp", "GhostSharp\GhostSharp.csproj", "{0E02B42F-D2ED-4BA3-9211-5D9F4EAC6277}"
EndProject
Project("{FAE04EC0-301F-11D3-BF4B-00C04F79EFBC}") = "GhostSharpTests", "GhostSharpTests\GhostSharpTests.csproj", "{C6C5A6CB-FCF5-467B-A47F-88E5108E8CE9}"
EndProject
Global
	GlobalSection(SolutionConfigurationPlatforms) = preSolution
		Debug|Any CPU = Debug|Any CPU
		Release|Any CPU = Release|Any CPU
	EndGlobalSection
	GlobalSection(ProjectConfigurationPlatforms) = postSolution
		{0E02B42F-D2ED-4BA3-9211-5D9F4EAC6277}.Debug|Any CPU.ActiveCfg = Debug|Any CPU
		{0E02B42F-D2ED-4BA3-9211-5D9F4EAC6277}.Debug|Any CPU.Build.0 = Debug|Any CPU
		{0E02B42F-D2ED-4BA3-9211-5D9F4EAC6277}.Release|Any CPU.ActiveCfg = Release|Any CPU
		{0E02B42F-D2ED-4BA3-9211-5D9F4EAC6277}.Release|Any CPU.Build.0 = Release|Any CPU
		{C6C5A6CB-FCF5-467B-A47F-88E5108E8CE9}.Debug|Any CPU.ActiveCfg = Debug|Any CPU
		{C6C5A6CB-FCF5-467B-A47F-88E5108E8CE9}.Debug|Any CPU.Build.0 = Debug|Any CPU
		{C6C5A6CB-FCF5-467B-A47F-88E5108E8CE9}.Release|Any CPU.ActiveCfg = Release|Any CPU
		{C6C5A6CB-FCF5-467B-A47F-88E5108E8CE9}.Release|Any CPU.Build.0 = Release|Any CPU
	EndGlobalSection
	GlobalSection(SolutionProperties) = preSolution
		HideSolutionNode = FALSE
	EndGlobalSection
	GlobalSection(ExtensibilityGlobals) = postSolution
		SolutionGuid = {F90D478F-781B-46C6-9EA0-EA77CB909D8C}
	EndGlobalSection
EndGlobal
